
Microsoft Visual Studio Solution File, Format Version 12.00
# Visual Studio Version 16
VisualStudioVersion = 16.0.30621.155
MinimumVisualStudioVersion = 10.0.40219.1
Project("{FAE04EC0-301F-11D3-BF4B-00C04F79EFBC}") = "NasaWeb", "NasaDevelopmentAssignment\NasaWeb.csproj", "{31B587E5-62B3-4DB4-B854-1309D30FCCF3}"
EndProject
Project("{FAE04EC0-301F-11D3-BF4B-00C04F79EFBC}") = "NasaServices", "NasaServices\NasaServices.csproj", "{7DF3B2B5-47BC-442C-A4DA-542148D6ADED}"
EndProject
Global
	GlobalSection(SolutionConfigurationPlatforms) = preSolution
		Debug|Any CPU = Debug|Any CPU
		Release|Any CPU = Release|Any CPU
	EndGlobalSection
	GlobalSection(ProjectConfigurationPlatforms) = postSolution
		{31B587E5-62B3-4DB4-B854-1309D30FCCF3}.Debug|Any CPU.ActiveCfg = Debug|Any CPU
		{31B587E5-62B3-4DB4-B854-1309D30FCCF3}.Debug|Any CPU.Build.0 = Debug|Any CPU
		{31B587E5-62B3-4DB4-B854-1309D30FCCF3}.Release|Any CPU.ActiveCfg = Release|Any CPU
		{31B587E5-62B3-4DB4-B854-1309D30FCCF3}.Release|Any CPU.Build.0 = Release|Any CPU
		{7DF3B2B5-47BC-442C-A4DA-542148D6ADED}.Debug|Any CPU.ActiveCfg = Debug|Any CPU
		{7DF3B2B5-47BC-442C-A4DA-542148D6ADED}.Debug|Any CPU.Build.0 = Debug|Any CPU
		{7DF3B2B5-47BC-442C-A4DA-542148D6ADED}.Release|Any CPU.ActiveCfg = Release|Any CPU
		{7DF3B2B5-47BC-442C-A4DA-542148D6ADED}.Release|Any CPU.Build.0 = Release|Any CPU
	EndGlobalSection
	GlobalSection(SolutionProperties) = preSolution
		HideSolutionNode = FALSE
	EndGlobalSection
	GlobalSection(ExtensibilityGlobals) = postSolution
		SolutionGuid = {98502A26-ADBE-4384-8557-CC452872F9C0}
	EndGlobalSection
EndGlobal
